
Microsoft Visual Studio Solution File, Format Version 12.00
# Visual Studio 15
VisualStudioVersion = 15.0.28307.1062
MinimumVisualStudioVersion = 10.0.40219.1
Project("{8BC9CEB8-8B4A-11D0-8D11-00A0C91BC942}") = "winpatcher_x86", "winpatcher_x86.vcxproj", "{6A90654C-15A5-4519-9AE0-243FF5DFC5CC}"
EndProject
Global
	GlobalSection(SolutionConfigurationPlatforms) = preSolution
		Debug|x64 = Debug|x64
		Debug|x86 = Debug|x86
		Release|x64 = Release|x64
		Release|x86 = Release|x86
	EndGlobalSection
	GlobalSection(ProjectConfigurationPlatforms) = postSolution
		{6A90654C-15A5-4519-9AE0-243FF5DFC5CC}.Debug|x64.ActiveCfg = Debug|x64
		{6A90654C-15A5-4519-9AE0-243FF5DFC5CC}.Debug|x64.Build.0 = Debug|x64
		{6A90654C-15A5-4519-9AE0-243FF5DFC5CC}.Debug|x86.ActiveCfg = Debug|Win32
		{6A90654C-15A5-4519-9AE0-243FF5DFC5CC}.Debug|x86.Build.0 = Debug|Win32
		{6A90654C-15A5-4519-9AE0-243FF5DFC5CC}.Release|x64.ActiveCfg = Release|x64
		{6A90654C-15A5-4519-9AE0-243FF5DFC5CC}.Release|x64.Build.0 = Release|x64
		{6A90654C-15A5-4519-9AE0-243FF5DFC5CC}.Release|x86.ActiveCfg = Release|Win32
		{6A90654C-15A5-4519-9AE0-243FF5DFC5CC}.Release|x86.Build.0 = Release|Win32
	EndGlobalSection
	GlobalSection(SolutionProperties) = preSolution
		HideSolutionNode = FALSE
	EndGlobalSection
	GlobalSection(ExtensibilityGlobals) = postSolution
		SolutionGuid = {86B0AEA0-4D4A-4FED-A550-8013B02B1A2C}
	EndGlobalSection
EndGlobal
